
Microsoft Visual Studio Solution File, Format Version 12.00
# Visual Studio Version 17
VisualStudioVersion = 17.6.33829.357
MinimumVisualStudioVersion = 10.0.40219.1
Project("{FAE04EC0-301F-11D3-BF4B-00C04F79EFBC}") = "CSharp_QUAN LY NHAN VIEN", "CSharp_QUAN LY NHAN VIEN.csproj", "{742DA461-A9A6-4EEA-BA7F-9954B616567A}"
EndProject
Global
	GlobalSection(SolutionConfigurationPlatforms) = preSolution
		Debug|Any CPU = Debug|Any CPU
		Release|Any CPU = Release|Any CPU
	EndGlobalSection
	GlobalSection(ProjectConfigurationPlatforms) = postSolution
		{742DA461-A9A6-4EEA-BA7F-9954B616567A}.Debug|Any CPU.ActiveCfg = Debug|Any CPU
		{742DA461-A9A6-4EEA-BA7F-9954B616567A}.Debug|Any CPU.Build.0 = Debug|Any CPU
		{742DA461-A9A6-4EEA-BA7F-9954B616567A}.Release|Any CPU.ActiveCfg = Release|Any CPU
		{742DA461-A9A6-4EEA-BA7F-9954B616567A}.Release|Any CPU.Build.0 = Release|Any CPU
	EndGlobalSection
	GlobalSection(SolutionProperties) = preSolution
		HideSolutionNode = FALSE
	EndGlobalSection
	GlobalSection(ExtensibilityGlobals) = postSolution
		SolutionGuid = {B87986A5-81AA-4A78-BA7F-9ACDD30C10E3}
	EndGlobalSection
EndGlobal
